
Microsoft Visual Studio Solution File, Format Version 12.00
# Visual Studio 2012
Project("{FAE04EC0-301F-11D3-BF4B-00C04F79EFBC}") = "StudentManagementSystem", "StudentManagementSystem\StudentManagementSystem.csproj", "{AF3A8A4E-9747-41C1-9240-6A05DCB7A977}"
EndProject
Global
	GlobalSection(SolutionConfigurationPlatforms) = preSolution
		Debug|Any CPU = Debug|Any CPU
		Release|Any CPU = Release|Any CPU
	EndGlobalSection
	GlobalSection(ProjectConfigurationPlatforms) = postSolution
		{AF3A8A4E-9747-41C1-9240-6A05DCB7A977}.Debug|Any CPU.ActiveCfg = Debug|Any CPU
		{AF3A8A4E-9747-41C1-9240-6A05DCB7A977}.Debug|Any CPU.Build.0 = Debug|Any CPU
		{AF3A8A4E-9747-41C1-9240-6A05DCB7A977}.Release|Any CPU.ActiveCfg = Release|Any CPU
		{AF3A8A4E-9747-41C1-9240-6A05DCB7A977}.Release|Any CPU.Build.0 = Release|Any CPU
	EndGlobalSection
	GlobalSection(SolutionProperties) = preSolution
		HideSolutionNode = FALSE
	EndGlobalSection
EndGlobal
