
Microsoft Visual Studio Solution File, Format Version 12.00
# Visual Studio 2012
Project("{FAE04EC0-301F-11D3-BF4B-00C04F79EFBC}") = "WxzGIS", "WxzGIS\WxzGIS.csproj", "{7ADA52DF-344D-4F06-83A4-210C5428BC12}"
EndProject
Global
	GlobalSection(SolutionConfigurationPlatforms) = preSolution
		Debug|Any CPU = Debug|Any CPU
		Release|Any CPU = Release|Any CPU
	EndGlobalSection
	GlobalSection(ProjectConfigurationPlatforms) = postSolution
		{7ADA52DF-344D-4F06-83A4-210C5428BC12}.Debug|Any CPU.ActiveCfg = Debug|Any CPU
		{7ADA52DF-344D-4F06-83A4-210C5428BC12}.Debug|Any CPU.Build.0 = Debug|Any CPU
		{7ADA52DF-344D-4F06-83A4-210C5428BC12}.Release|Any CPU.ActiveCfg = Release|Any CPU
		{7ADA52DF-344D-4F06-83A4-210C5428BC12}.Release|Any CPU.Build.0 = Release|Any CPU
	EndGlobalSection
	GlobalSection(SolutionProperties) = preSolution
		HideSolutionNode = FALSE
	EndGlobalSection
EndGlobal
