
Microsoft Visual Studio Solution File, Format Version 12.00
# Visual Studio Version 16
VisualStudioVersion = 16.0.29306.81
MinimumVisualStudioVersion = 10.0.40219.1
Project("{FAE04EC0-301F-11D3-BF4B-00C04F79EFBC}") = "GDBdebug", "GDBdebug\GDBdebug.csproj", "{83EAD708-1FAC-4C53-80E4-491C48AF0CD5}"
EndProject
Global
	GlobalSection(SolutionConfigurationPlatforms) = preSolution
		Debug|Any CPU = Debug|Any CPU
		Release|Any CPU = Release|Any CPU
	EndGlobalSection
	GlobalSection(ProjectConfigurationPlatforms) = postSolution
		{83EAD708-1FAC-4C53-80E4-491C48AF0CD5}.Debug|Any CPU.ActiveCfg = Debug|Any CPU
		{83EAD708-1FAC-4C53-80E4-491C48AF0CD5}.Debug|Any CPU.Build.0 = Debug|Any CPU
		{83EAD708-1FAC-4C53-80E4-491C48AF0CD5}.Release|Any CPU.ActiveCfg = Release|Any CPU
		{83EAD708-1FAC-4C53-80E4-491C48AF0CD5}.Release|Any CPU.Build.0 = Release|Any CPU
	EndGlobalSection
	GlobalSection(SolutionProperties) = preSolution
		HideSolutionNode = FALSE
	EndGlobalSection
	GlobalSection(ExtensibilityGlobals) = postSolution
		SolutionGuid = {175A8DD0-B7E6-4A39-8075-3F3154774DF4}
	EndGlobalSection
EndGlobal
